schema: '2.0'
stages:
  ogt_protein_classifier_train_evaluate:
    cmd: torchrun --nproc_per_node gpu pipeline/ogt_protein_classifier_train_evaluate.py
    deps:
    - path: ./data/ogt_protein_classifier/data
      md5: 9c226bd553f35ceff63bc792c89efdcb.dir
      size: 53651830
      nfiles: 208
    - path: ./l2tml_utils/model_utils.py
      md5: 13c9597c906c8f2291cc7902be3c622d
      size: 4167
    - path: ./pipeline/ogt_protein_classifier_train_evaluate.py
      md5: a1f4f19ded183929cf9d94d2d639ab7f
      size: 14570
    params:
      params.yaml:
        ogt_protein_classifier_train_evaluate.batch_size: 20
        ogt_protein_classifier_train_evaluate.dev_subsample_data: 80
        ogt_protein_classifier_train_evaluate.dropout: 0.0
        ogt_protein_classifier_train_evaluate.epochs: 50
        ogt_protein_classifier_train_evaluate.fp16: true
        ogt_protein_classifier_train_evaluate.grad_accum: 1
        ogt_protein_classifier_train_evaluate.grad_checkpointing: true
        ogt_protein_classifier_train_evaluate.lr: 5e-05
        ogt_protein_classifier_train_evaluate.lr_scheduler: linear
        ogt_protein_classifier_train_evaluate.model: protbert
        ogt_protein_classifier_train_evaluate.n_save_per_epoch: 1
        ogt_protein_classifier_train_evaluate.protocol: finetune
    outs:
    - path: ./data/ogt_protein_classifier/dvclive/metrics.json
      md5: ee51aee6f39c6215ce73cef96b5fda76
      size: 328
    - path: ./data/ogt_protein_classifier/dvclive/plots
      md5: 359f5d6bd45858d53ca9d3c3d79fa2a1.dir
      size: 1787
      nfiles: 10
    - path: ./data/ogt_protein_classifier/dvclive/report.md
      md5: a90d884bca3267e48a4f06b19e0b087c
      size: 1056
    - path: ./data/ogt_protein_classifier/model
      md5: 51c44c055de95954a598dc994d64bc28.dir
      size: 35280093591
      nfiles: 65
    - path: ./data/ogt_protein_classifier/model_metrics.yaml
      md5: 2ea2ffd8317776fe5510b5c77b378d0e
      size: 8772
  ogt_protein_classifier_data_prep:
    cmd: python pipeline/ogt_protein_classifier_data_prep.py
    deps:
    - path: ./data/database
      md5: 3d1fb0c6b918014c9959ebab31ca9c32
      size: 34096820224
    - path: ./l2tml_utils/data_utils.py
      md5: 37c459566103785886ffa2d02f094a7d
      size: 5836
    - path: ./pipeline/ogt_protein_classifier_data_prep.py
      md5: 08f37ff3de24b16eb0d24e3170c68eed
      size: 8792
    params:
      params.yaml:
        ogt_protein_classifier_data_prep.data_batch_size: 200
        ogt_protein_classifier_data_prep.dev_keep_columns: true
        ogt_protein_classifier_data_prep.dev_sample_init_data: false
        ogt_protein_classifier_data_prep.max_protein_len: 250
        ogt_protein_classifier_data_prep.max_upsampling: 0.0
        ogt_protein_classifier_data_prep.min_balance: 0.5
        ogt_protein_classifier_data_prep.ogt_window:
        - 30.0
        - 60.0
        ogt_protein_classifier_data_prep.split_type: random
    outs:
    - path: ./data/ogt_protein_classifier/data
      md5: a22cd9c4c2cca47005af0c5180a61a6f.dir
      size: 52870662
      nfiles: 8
    - path: ./data/ogt_protein_classifier/data_metrics.yaml
      md5: 8cf8a4d91c8495ff4ddd0e24bb1f29d3
      size: 170
